
Microsoft Visual Studio Solution File, Format Version 12.00
# Visual Studio Version 17
VisualStudioVersion = 17.2.32602.215
MinimumVisualStudioVersion = 10.0.40219.1
Project("{9A19103F-16F7-4668-BE54-9A1E7A4F7556}") = "Entegrasyon.Entity", "Application\Entegrasyon.Entity\Entegrasyon.Entity.csproj", "{36503BF8-365C-411F-9293-F6449D7E54A3}"
EndProject
Project("{9A19103F-16F7-4668-BE54-9A1E7A4F7556}") = "Entegrasyon.DataAccess", "Application\Entegrasyon.DataAccess\Entegrasyon.DataAccess.csproj", "{A11A8B3D-05DA-4675-86FA-00CC7C85D08E}"
EndProject
Project("{9A19103F-16F7-4668-BE54-9A1E7A4F7556}") = "Entegrasyon.Business", "Application\Entegrasyon.Business\Entegrasyon.Business.csproj", "{7F47EE19-B70A-4B70-94E3-0692292C9D56}"
EndProject
Project("{2150E333-8FDC-42A3-9474-1A3956D46DE8}") = "Application", "Application", "{D4B50D90-1542-49FB-83D4-A17DEC4E3795}"
EndProject
Project("{E53339B2-1760-4266-BCC7-CA923CBCF16C}") = "docker-compose", "docker-compose.dcproj", "{F35C7412-8EDF-4BB5-9282-BE0DBA7B39F7}"
EndProject
Project("{9A19103F-16F7-4668-BE54-9A1E7A4F7556}") = "Entegrasyon.UnitTest", "Test\Entegrasyon.Test\Entegrasyon.UnitTest.csproj", "{D775F283-94F2-410F-896E-1079BBBF3A76}"
EndProject
Project("{2150E333-8FDC-42A3-9474-1A3956D46DE8}") = "Test", "Test", "{1DB52DB0-B1F3-47C9-9BE5-8ECF3DD7E378}"
EndProject
Project("{9A19103F-16F7-4668-BE54-9A1E7A4F7556}") = "Entegrasyon.Blazor", "Application\Entegrasyon.Blazor\Entegrasyon.Blazor.csproj", "{12A8C4E3-1F84-4D2D-B40F-8A15087CC790}"
EndProject
Project("{FAE04EC0-301F-11D3-BF4B-00C04F79EFBC}") = "Entegrasyon.ApplicationBootstrap", "Application\Entegrasyon.ApplicationBootstrap\Entegrasyon.ApplicationBootstrap.csproj", "{7358CADA-A034-41C8-960A-037B1707F41A}"
EndProject
Project("{FAE04EC0-301F-11D3-BF4B-00C04F79EFBC}") = "Entegrasyon.BunitTest", "Test\Entegrasyon.BunitTest\Entegrasyon.BunitTest.csproj", "{8BA2AFAA-17C2-4D7D-B59C-2C971B180500}"
EndProject
Project("{2150E333-8FDC-42A3-9474-1A3956D46DE8}") = "Agent", "Agent", "{A0596E84-2522-6F31-0F43-77167BFA80D0}"
EndProject
Project("{FAE04EC0-301F-11D3-BF4B-00C04F79EFBC}") = "Entegrasyon.PrintAgent.Contracts", "Agent\Entegrasyon.PrintAgent.Contracts\Entegrasyon.PrintAgent.Contracts.csproj", "{042B80DB-9EE4-4490-AEB8-CAAD9D7C86C3}"
EndProject
Project("{FAE04EC0-301F-11D3-BF4B-00C04F79EFBC}") = "Entegrasyon.PrintAgent", "Agent\Entegrasyon.PrintAgent\Entegrasyon.PrintAgent.csproj", "{EE1BA527-2440-4ADA-81F8-B527DEDBFA03}"
EndProject
Project("{FAE04EC0-301F-11D3-BF4B-00C04F79EFBC}") = "Entegrasyon.AdminPanel", "Application\Entegrasyon.AdminPanel\Entegrasyon.AdminPanel.csproj", "{FF392C46-664A-4BAB-8B5E-EF53D64CD059}"
EndProject
Project("{FAE04EC0-301F-11D3-BF4B-00C04F79EFBC}") = "Entegrasyon.AdminPanel.Test", "Test\Entegrasyon.AdminPanel.Test\Entegrasyon.AdminPanel.Test.csproj", "{804BBBE5-5FCC-4178-B641-089E58562E31}"
EndProject
Project("{FAE04EC0-301F-11D3-BF4B-00C04F79EFBC}") = "Entegrasyon.E2E", "Test\Entegrasyon.E2E\Entegrasyon.E2E.csproj", "{693D6FED-AF1B-427E-A237-15CFE2AFA5D3}"
EndProject
Project("{FAE04EC0-301F-11D3-BF4B-00C04F79EFBC}") = "Entegrasyon.IntegrationTest", "Test\Entegrasyon.IntegrationTest\Entegrasyon.IntegrationTest.csproj", "{11FA838F-44F4-401B-84E3-68478A634ABC}"
EndProject
Project("{FAE04EC0-301F-11D3-BF4B-00C04F79EFBC}") = "Entegrasyon.Desktop", "Application\Entegrasyon.Desktop\Entegrasyon.Desktop.csproj", "{3C27D121-6028-4D86-83A2-546A85EBDAFA}"
EndProject
Project("{FAE04EC0-301F-11D3-BF4B-00C04F79EFBC}") = "Entegrasyon.Storefront", "Application\Entegrasyon.Storefront\Entegrasyon.Storefront.csproj", "{D5C54F14-0938-45EB-9F21-BB06C4C7D5DE}"
EndProject
Project("{FAE04EC0-301F-11D3-BF4B-00C04F79EFBC}") = "Entegrasyon.MVC", "Application\Entegrasyon.MVC\Entegrasyon.MVC.csproj", "{5706C52A-3929-4519-B5E2-BE6CA4617788}"
EndProject
Project("{FAE04EC0-301F-11D3-BF4B-00C04F79EFBC}") = "Entegrasyon.MVC.Test", "Test\Entegrasyon.MVC.Test\Entegrasyon.MVC.Test.csproj", "{CA2EC761-BF80-47FF-9BCB-6B8EFAC15112}"
EndProject
Global
	GlobalSection(SolutionConfigurationPlatforms) = preSolution
		Debug|Any CPU = Debug|Any CPU
		Debug|x64 = Debug|x64
		Debug|x86 = Debug|x86
		Release|Any CPU = Release|Any CPU
		Release|x64 = Release|x64
		Release|x86 = Release|x86
	EndGlobalSection
	GlobalSection(ProjectConfigurationPlatforms) = postSolution
		{36503BF8-365C-411F-9293-F6449D7E54A3}.Debug|Any CPU.ActiveCfg = Debug|Any CPU
		{36503BF8-365C-411F-9293-F6449D7E54A3}.Debug|Any CPU.Build.0 = Debug|Any CPU
		{36503BF8-365C-411F-9293-F6449D7E54A3}.Debug|x64.ActiveCfg = Debug|Any CPU
		{36503BF8-365C-411F-9293-F6449D7E54A3}.Debug|x64.Build.0 = Debug|Any CPU
		{36503BF8-365C-411F-9293-F6449D7E54A3}.Debug|x86.ActiveCfg = Debug|Any CPU
		{36503BF8-365C-411F-9293-F6449D7E54A3}.Debug|x86.Build.0 = Debug|Any CPU
		{36503BF8-365C-411F-9293-F6449D7E54A3}.Release|Any CPU.ActiveCfg = Release|Any CPU
		{36503BF8-365C-411F-9293-F6449D7E54A3}.Release|Any CPU.Build.0 = Release|Any CPU
		{36503BF8-365C-411F-9293-F6449D7E54A3}.Release|x64.ActiveCfg = Release|Any CPU
		{36503BF8-365C-411F-9293-F6449D7E54A3}.Release|x64.Build.0 = Release|Any CPU
		{36503BF8-365C-411F-9293-F6449D7E54A3}.Release|x86.ActiveCfg = Release|Any CPU
		{36503BF8-365C-411F-9293-F6449D7E54A3}.Release|x86.Build.0 = Release|Any CPU
		{A11A8B3D-05DA-4675-86FA-00CC7C85D08E}.Debug|Any CPU.ActiveCfg = Debug|Any CPU
		{A11A8B3D-05DA-4675-86FA-00CC7C85D08E}.Debug|Any CPU.Build.0 = Debug|Any CPU
		{A11A8B3D-05DA-4675-86FA-00CC7C85D08E}.Debug|x64.ActiveCfg = Debug|Any CPU
		{A11A8B3D-05DA-4675-86FA-00CC7C85D08E}.Debug|x64.Build.0 = Debug|Any CPU
		{A11A8B3D-05DA-4675-86FA-00CC7C85D08E}.Debug|x86.ActiveCfg = Debug|Any CPU
		{A11A8B3D-05DA-4675-86FA-00CC7C85D08E}.Debug|x86.Build.0 = Debug|Any CPU
		{A11A8B3D-05DA-4675-86FA-00CC7C85D08E}.Release|Any CPU.ActiveCfg = Release|Any CPU
		{A11A8B3D-05DA-4675-86FA-00CC7C85D08E}.Release|Any CPU.Build.0 = Release|Any CPU
		{A11A8B3D-05DA-4675-86FA-00CC7C85D08E}.Release|x64.ActiveCfg = Release|Any CPU
		{A11A8B3D-05DA-4675-86FA-00CC7C85D08E}.Release|x64.Build.0 = Release|Any CPU
		{A11A8B3D-05DA-4675-86FA-00CC7C85D08E}.Release|x86.ActiveCfg = Release|Any CPU
		{A11A8B3D-05DA-4675-86FA-00CC7C85D08E}.Release|x86.Build.0 = Release|Any CPU
		{7F47EE19-B70A-4B70-94E3-0692292C9D56}.Debug|Any CPU.ActiveCfg = Debug|Any CPU
		{7F47EE19-B70A-4B70-94E3-0692292C9D56}.Debug|Any CPU.Build.0 = Debug|Any CPU
		{7F47EE19-B70A-4B70-94E3-0692292C9D56}.Debug|x64.ActiveCfg = Debug|Any CPU
		{7F47EE19-B70A-4B70-94E3-0692292C9D56}.Debug|x64.Build.0 = Debug|Any CPU
		{7F47EE19-B70A-4B70-94E3-0692292C9D56}.Debug|x86.ActiveCfg = Debug|Any CPU
		{7F47EE19-B70A-4B70-94E3-0692292C9D56}.Debug|x86.Build.0 = Debug|Any CPU
		{7F47EE19-B70A-4B70-94E3-0692292C9D56}.Release|Any CPU.ActiveCfg = Release|Any CPU
		{7F47EE19-B70A-4B70-94E3-0692292C9D56}.Release|Any CPU.Build.0 = Release|Any CPU
		{7F47EE19-B70A-4B70-94E3-0692292C9D56}.Release|x64.ActiveCfg = Release|Any CPU
		{7F47EE19-B70A-4B70-94E3-0692292C9D56}.Release|x64.Build.0 = Release|Any CPU
		{7F47EE19-B70A-4B70-94E3-0692292C9D56}.Release|x86.ActiveCfg = Release|Any CPU
		{7F47EE19-B70A-4B70-94E3-0692292C9D56}.Release|x86.Build.0 = Release|Any CPU
		{F35C7412-8EDF-4BB5-9282-BE0DBA7B39F7}.Debug|Any CPU.ActiveCfg = Debug|Any CPU
		{F35C7412-8EDF-4BB5-9282-BE0DBA7B39F7}.Debug|Any CPU.Build.0 = Debug|Any CPU
		{F35C7412-8EDF-4BB5-9282-BE0DBA7B39F7}.Debug|x64.ActiveCfg = Debug|x64
		{F35C7412-8EDF-4BB5-9282-BE0DBA7B39F7}.Debug|x86.ActiveCfg = Debug|x86
		{F35C7412-8EDF-4BB5-9282-BE0DBA7B39F7}.Release|Any CPU.ActiveCfg = Release|Any CPU
		{F35C7412-8EDF-4BB5-9282-BE0DBA7B39F7}.Release|Any CPU.Build.0 = Release|Any CPU
		{F35C7412-8EDF-4BB5-9282-BE0DBA7B39F7}.Release|x64.ActiveCfg = Release|x64
		{F35C7412-8EDF-4BB5-9282-BE0DBA7B39F7}.Release|x86.ActiveCfg = Release|x86
		{D775F283-94F2-410F-896E-1079BBBF3A76}.Debug|Any CPU.ActiveCfg = Debug|Any CPU
		{D775F283-94F2-410F-896E-1079BBBF3A76}.Debug|Any CPU.Build.0 = Debug|Any CPU
		{D775F283-94F2-410F-896E-1079BBBF3A76}.Debug|x64.ActiveCfg = Debug|Any CPU
		{D775F283-94F2-410F-896E-1079BBBF3A76}.Debug|x64.Build.0 = Debug|Any CPU
		{D775F283-94F2-410F-896E-1079BBBF3A76}.Debug|x86.ActiveCfg = Debug|Any CPU
		{D775F283-94F2-410F-896E-1079BBBF3A76}.Debug|x86.Build.0 = Debug|Any CPU
		{D775F283-94F2-410F-896E-1079BBBF3A76}.Release|Any CPU.ActiveCfg = Release|Any CPU
		{D775F283-94F2-410F-896E-1079BBBF3A76}.Release|Any CPU.Build.0 = Release|Any CPU
		{D775F283-94F2-410F-896E-1079BBBF3A76}.Release|x64.ActiveCfg = Release|Any CPU
		{D775F283-94F2-410F-896E-1079BBBF3A76}.Release|x64.Build.0 = Release|Any CPU
		{D775F283-94F2-410F-896E-1079BBBF3A76}.Release|x86.ActiveCfg = Release|Any CPU
		{D775F283-94F2-410F-896E-1079BBBF3A76}.Release|x86.Build.0 = Release|Any CPU
		{12A8C4E3-1F84-4D2D-B40F-8A15087CC790}.Debug|Any CPU.ActiveCfg = Debug|Any CPU
		{12A8C4E3-1F84-4D2D-B40F-8A15087CC790}.Debug|Any CPU.Build.0 = Debug|Any CPU
		{12A8C4E3-1F84-4D2D-B40F-8A15087CC790}.Debug|x64.ActiveCfg = Debug|Any CPU
		{12A8C4E3-1F84-4D2D-B40F-8A15087CC790}.Debug|x64.Build.0 = Debug|Any CPU
		{12A8C4E3-1F84-4D2D-B40F-8A15087CC790}.Debug|x86.ActiveCfg = Debug|Any CPU
		{12A8C4E3-1F84-4D2D-B40F-8A15087CC790}.Debug|x86.Build.0 = Debug|Any CPU
		{12A8C4E3-1F84-4D2D-B40F-8A15087CC790}.Release|Any CPU.ActiveCfg = Release|Any CPU
		{12A8C4E3-1F84-4D2D-B40F-8A15087CC790}.Release|Any CPU.Build.0 = Release|Any CPU
		{12A8C4E3-1F84-4D2D-B40F-8A15087CC790}.Release|x64.ActiveCfg = Release|Any CPU
		{12A8C4E3-1F84-4D2D-B40F-8A15087CC790}.Release|x64.Build.0 = Release|Any CPU
		{12A8C4E3-1F84-4D2D-B40F-8A15087CC790}.Release|x86.ActiveCfg = Release|Any CPU
		{12A8C4E3-1F84-4D2D-B40F-8A15087CC790}.Release|x86.Build.0 = Release|Any CPU
		{7358CADA-A034-41C8-960A-037B1707F41A}.Debug|Any CPU.ActiveCfg = Debug|Any CPU
		{7358CADA-A034-41C8-960A-037B1707F41A}.Debug|Any CPU.Build.0 = Debug|Any CPU
		{7358CADA-A034-41C8-960A-037B1707F41A}.Debug|x64.ActiveCfg = Debug|Any CPU
		{7358CADA-A034-41C8-960A-037B1707F41A}.Debug|x64.Build.0 = Debug|Any CPU
		{7358CADA-A034-41C8-960A-037B1707F41A}.Debug|x86.ActiveCfg = Debug|Any CPU
		{7358CADA-A034-41C8-960A-037B1707F41A}.Debug|x86.Build.0 = Debug|Any CPU
		{7358CADA-A034-41C8-960A-037B1707F41A}.Release|Any CPU.ActiveCfg = Release|Any CPU
		{7358CADA-A034-41C8-960A-037B1707F41A}.Release|Any CPU.Build.0 = Release|Any CPU
		{7358CADA-A034-41C8-960A-037B1707F41A}.Release|x64.ActiveCfg = Release|Any CPU
		{7358CADA-A034-41C8-960A-037B1707F41A}.Release|x64.Build.0 = Release|Any CPU
		{7358CADA-A034-41C8-960A-037B1707F41A}.Release|x86.ActiveCfg = Release|Any CPU
		{7358CADA-A034-41C8-960A-037B1707F41A}.Release|x86.Build.0 = Release|Any CPU
		{8BA2AFAA-17C2-4D7D-B59C-2C971B180500}.Debug|Any CPU.ActiveCfg = Debug|Any CPU
		{8BA2AFAA-17C2-4D7D-B59C-2C971B180500}.Debug|Any CPU.Build.0 = Debug|Any CPU
		{8BA2AFAA-17C2-4D7D-B59C-2C971B180500}.Debug|x64.ActiveCfg = Debug|Any CPU
		{8BA2AFAA-17C2-4D7D-B59C-2C971B180500}.Debug|x64.Build.0 = Debug|Any CPU
		{8BA2AFAA-17C2-4D7D-B59C-2C971B180500}.Debug|x86.ActiveCfg = Debug|Any CPU
		{8BA2AFAA-17C2-4D7D-B59C-2C971B180500}.Debug|x86.Build.0 = Debug|Any CPU
		{8BA2AFAA-17C2-4D7D-B59C-2C971B180500}.Release|Any CPU.ActiveCfg = Release|Any CPU
		{8BA2AFAA-17C2-4D7D-B59C-2C971B180500}.Release|Any CPU.Build.0 = Release|Any CPU
		{8BA2AFAA-17C2-4D7D-B59C-2C971B180500}.Release|x64.ActiveCfg = Release|Any CPU
		{8BA2AFAA-17C2-4D7D-B59C-2C971B180500}.Release|x64.Build.0 = Release|Any CPU
		{8BA2AFAA-17C2-4D7D-B59C-2C971B180500}.Release|x86.ActiveCfg = Release|Any CPU
		{8BA2AFAA-17C2-4D7D-B59C-2C971B180500}.Release|x86.Build.0 = Release|Any CPU
		{042B80DB-9EE4-4490-AEB8-CAAD9D7C86C3}.Debug|Any CPU.ActiveCfg = Debug|Any CPU
		{042B80DB-9EE4-4490-AEB8-CAAD9D7C86C3}.Debug|Any CPU.Build.0 = Debug|Any CPU
		{042B80DB-9EE4-4490-AEB8-CAAD9D7C86C3}.Debug|x64.ActiveCfg = Debug|Any CPU
		{042B80DB-9EE4-4490-AEB8-CAAD9D7C86C3}.Debug|x64.Build.0 = Debug|Any CPU
		{042B80DB-9EE4-4490-AEB8-CAAD9D7C86C3}.Debug|x86.ActiveCfg = Debug|Any CPU
		{042B80DB-9EE4-4490-AEB8-CAAD9D7C86C3}.Debug|x86.Build.0 = Debug|Any CPU
		{042B80DB-9EE4-4490-AEB8-CAAD9D7C86C3}.Release|Any CPU.ActiveCfg = Release|Any CPU
		{042B80DB-9EE4-4490-AEB8-CAAD9D7C86C3}.Release|Any CPU.Build.0 = Release|Any CPU
		{042B80DB-9EE4-4490-AEB8-CAAD9D7C86C3}.Release|x64.ActiveCfg = Release|Any CPU
		{042B80DB-9EE4-4490-AEB8-CAAD9D7C86C3}.Release|x64.Build.0 = Release|Any CPU
		{042B80DB-9EE4-4490-AEB8-CAAD9D7C86C3}.Release|x86.ActiveCfg = Release|Any CPU
		{042B80DB-9EE4-4490-AEB8-CAAD9D7C86C3}.Release|x86.Build.0 = Release|Any CPU
		{EE1BA527-2440-4ADA-81F8-B527DEDBFA03}.Debug|Any CPU.ActiveCfg = Debug|Any CPU
		{EE1BA527-2440-4ADA-81F8-B527DEDBFA03}.Debug|Any CPU.Build.0 = Debug|Any CPU
		{EE1BA527-2440-4ADA-81F8-B527DEDBFA03}.Debug|x64.ActiveCfg = Debug|Any CPU
		{EE1BA527-2440-4ADA-81F8-B527DEDBFA03}.Debug|x64.Build.0 = Debug|Any CPU
		{EE1BA527-2440-4ADA-81F8-B527DEDBFA03}.Debug|x86.ActiveCfg = Debug|Any CPU
		{EE1BA527-2440-4ADA-81F8-B527DEDBFA03}.Debug|x86.Build.0 = Debug|Any CPU
		{EE1BA527-2440-4ADA-81F8-B527DEDBFA03}.Release|Any CPU.ActiveCfg = Release|Any CPU
		{EE1BA527-2440-4ADA-81F8-B527DEDBFA03}.Release|Any CPU.Build.0 = Release|Any CPU
		{EE1BA527-2440-4ADA-81F8-B527DEDBFA03}.Release|x64.ActiveCfg = Release|Any CPU
		{EE1BA527-2440-4ADA-81F8-B527DEDBFA03}.Release|x64.Build.0 = Release|Any CPU
		{EE1BA527-2440-4ADA-81F8-B527DEDBFA03}.Release|x86.ActiveCfg = Release|Any CPU
		{EE1BA527-2440-4ADA-81F8-B527DEDBFA03}.Release|x86.Build.0 = Release|Any CPU
		{FF392C46-664A-4BAB-8B5E-EF53D64CD059}.Debug|Any CPU.ActiveCfg = Debug|Any CPU
		{FF392C46-664A-4BAB-8B5E-EF53D64CD059}.Debug|Any CPU.Build.0 = Debug|Any CPU
		{FF392C46-664A-4BAB-8B5E-EF53D64CD059}.Debug|x64.ActiveCfg = Debug|Any CPU
		{FF392C46-664A-4BAB-8B5E-EF53D64CD059}.Debug|x64.Build.0 = Debug|Any CPU
		{FF392C46-664A-4BAB-8B5E-EF53D64CD059}.Debug|x86.ActiveCfg = Debug|Any CPU
		{FF392C46-664A-4BAB-8B5E-EF53D64CD059}.Debug|x86.Build.0 = Debug|Any CPU
		{FF392C46-664A-4BAB-8B5E-EF53D64CD059}.Release|Any CPU.ActiveCfg = Release|Any CPU
		{FF392C46-664A-4BAB-8B5E-EF53D64CD059}.Release|Any CPU.Build.0 = Release|Any CPU
		{FF392C46-664A-4BAB-8B5E-EF53D64CD059}.Release|x64.ActiveCfg = Release|Any CPU
		{FF392C46-664A-4BAB-8B5E-EF53D64CD059}.Release|x64.Build.0 = Release|Any CPU
		{FF392C46-664A-4BAB-8B5E-EF53D64CD059}.Release|x86.ActiveCfg = Release|Any CPU
		{FF392C46-664A-4BAB-8B5E-EF53D64CD059}.Release|x86.Build.0 = Release|Any CPU
		{804BBBE5-5FCC-4178-B641-089E58562E31}.Debug|Any CPU.ActiveCfg = Debug|Any CPU
		{804BBBE5-5FCC-4178-B641-089E58562E31}.Debug|Any CPU.Build.0 = Debug|Any CPU
		{804BBBE5-5FCC-4178-B641-089E58562E31}.Debug|x64.ActiveCfg = Debug|Any CPU
		{804BBBE5-5FCC-4178-B641-089E58562E31}.Debug|x64.Build.0 = Debug|Any CPU
		{804BBBE5-5FCC-4178-B641-089E58562E31}.Debug|x86.ActiveCfg = Debug|Any CPU
		{804BBBE5-5FCC-4178-B641-089E58562E31}.Debug|x86.Build.0 = Debug|Any CPU
		{804BBBE5-5FCC-4178-B641-089E58562E31}.Release|Any CPU.ActiveCfg = Release|Any CPU
		{804BBBE5-5FCC-4178-B641-089E58562E31}.Release|Any CPU.Build.0 = Release|Any CPU
		{804BBBE5-5FCC-4178-B641-089E58562E31}.Release|x64.ActiveCfg = Release|Any CPU
		{804BBBE5-5FCC-4178-B641-089E58562E31}.Release|x64.Build.0 = Release|Any CPU
		{804BBBE5-5FCC-4178-B641-089E58562E31}.Release|x86.ActiveCfg = Release|Any CPU
		{804BBBE5-5FCC-4178-B641-089E58562E31}.Release|x86.Build.0 = Release|Any CPU
		{693D6FED-AF1B-427E-A237-15CFE2AFA5D3}.Debug|Any CPU.ActiveCfg = Debug|Any CPU
		{693D6FED-AF1B-427E-A237-15CFE2AFA5D3}.Debug|Any CPU.Build.0 = Debug|Any CPU
		{693D6FED-AF1B-427E-A237-15CFE2AFA5D3}.Debug|x64.ActiveCfg = Debug|Any CPU
		{693D6FED-AF1B-427E-A237-15CFE2AFA5D3}.Debug|x64.Build.0 = Debug|Any CPU
		{693D6FED-AF1B-427E-A237-15CFE2AFA5D3}.Debug|x86.ActiveCfg = Debug|Any CPU
		{693D6FED-AF1B-427E-A237-15CFE2AFA5D3}.Debug|x86.Build.0 = Debug|Any CPU
		{693D6FED-AF1B-427E-A237-15CFE2AFA5D3}.Release|Any CPU.ActiveCfg = Release|Any CPU
		{693D6FED-AF1B-427E-A237-15CFE2AFA5D3}.Release|Any CPU.Build.0 = Release|Any CPU
		{693D6FED-AF1B-427E-A237-15CFE2AFA5D3}.Release|x64.ActiveCfg = Release|Any CPU
		{693D6FED-AF1B-427E-A237-15CFE2AFA5D3}.Release|x64.Build.0 = Release|Any CPU
		{693D6FED-AF1B-427E-A237-15CFE2AFA5D3}.Release|x86.ActiveCfg = Release|Any CPU
		{693D6FED-AF1B-427E-A237-15CFE2AFA5D3}.Release|x86.Build.0 = Release|Any CPU
		{11FA838F-44F4-401B-84E3-68478A634ABC}.Debug|Any CPU.ActiveCfg = Debug|Any CPU
		{11FA838F-44F4-401B-84E3-68478A634ABC}.Debug|Any CPU.Build.0 = Debug|Any CPU
		{11FA838F-44F4-401B-84E3-68478A634ABC}.Debug|x64.ActiveCfg = Debug|Any CPU
		{11FA838F-44F4-401B-84E3-68478A634ABC}.Debug|x64.Build.0 = Debug|Any CPU
		{11FA838F-44F4-401B-84E3-68478A634ABC}.Debug|x86.ActiveCfg = Debug|Any CPU
		{11FA838F-44F4-401B-84E3-68478A634ABC}.Debug|x86.Build.0 = Debug|Any CPU
		{11FA838F-44F4-401B-84E3-68478A634ABC}.Release|Any CPU.ActiveCfg = Release|Any CPU
		{11FA838F-44F4-401B-84E3-68478A634ABC}.Release|Any CPU.Build.0 = Release|Any CPU
		{11FA838F-44F4-401B-84E3-68478A634ABC}.Release|x64.ActiveCfg = Release|Any CPU
		{11FA838F-44F4-401B-84E3-68478A634ABC}.Release|x64.Build.0 = Release|Any CPU
		{11FA838F-44F4-401B-84E3-68478A634ABC}.Release|x86.ActiveCfg = Release|Any CPU
		{11FA838F-44F4-401B-84E3-68478A634ABC}.Release|x86.Build.0 = Release|Any CPU
		{3C27D121-6028-4D86-83A2-546A85EBDAFA}.Debug|Any CPU.ActiveCfg = Debug|Any CPU
		{3C27D121-6028-4D86-83A2-546A85EBDAFA}.Debug|Any CPU.Build.0 = Debug|Any CPU
		{3C27D121-6028-4D86-83A2-546A85EBDAFA}.Debug|x64.ActiveCfg = Debug|Any CPU
		{3C27D121-6028-4D86-83A2-546A85EBDAFA}.Debug|x64.Build.0 = Debug|Any CPU
		{3C27D121-6028-4D86-83A2-546A85EBDAFA}.Debug|x86.ActiveCfg = Debug|Any CPU
		{3C27D121-6028-4D86-83A2-546A85EBDAFA}.Debug|x86.Build.0 = Debug|Any CPU
		{3C27D121-6028-4D86-83A2-546A85EBDAFA}.Release|Any CPU.ActiveCfg = Release|Any CPU
		{3C27D121-6028-4D86-83A2-546A85EBDAFA}.Release|Any CPU.Build.0 = Release|Any CPU
		{3C27D121-6028-4D86-83A2-546A85EBDAFA}.Release|x64.ActiveCfg = Release|Any CPU
		{3C27D121-6028-4D86-83A2-546A85EBDAFA}.Release|x64.Build.0 = Release|Any CPU
		{3C27D121-6028-4D86-83A2-546A85EBDAFA}.Release|x86.ActiveCfg = Release|Any CPU
		{3C27D121-6028-4D86-83A2-546A85EBDAFA}.Release|x86.Build.0 = Release|Any CPU
		{D5C54F14-0938-45EB-9F21-BB06C4C7D5DE}.Debug|Any CPU.ActiveCfg = Debug|Any CPU
		{D5C54F14-0938-45EB-9F21-BB06C4C7D5DE}.Debug|Any CPU.Build.0 = Debug|Any CPU
		{D5C54F14-0938-45EB-9F21-BB06C4C7D5DE}.Debug|x64.ActiveCfg = Debug|Any CPU
		{D5C54F14-0938-45EB-9F21-BB06C4C7D5DE}.Debug|x64.Build.0 = Debug|Any CPU
		{D5C54F14-0938-45EB-9F21-BB06C4C7D5DE}.Debug|x86.ActiveCfg = Debug|Any CPU
		{D5C54F14-0938-45EB-9F21-BB06C4C7D5DE}.Debug|x86.Build.0 = Debug|Any CPU
		{D5C54F14-0938-45EB-9F21-BB06C4C7D5DE}.Release|Any CPU.ActiveCfg = Release|Any CPU
		{D5C54F14-0938-45EB-9F21-BB06C4C7D5DE}.Release|Any CPU.Build.0 = Release|Any CPU
		{D5C54F14-0938-45EB-9F21-BB06C4C7D5DE}.Release|x64.ActiveCfg = Release|Any CPU
		{D5C54F14-0938-45EB-9F21-BB06C4C7D5DE}.Release|x64.Build.0 = Release|Any CPU
		{D5C54F14-0938-45EB-9F21-BB06C4C7D5DE}.Release|x86.ActiveCfg = Release|Any CPU
		{D5C54F14-0938-45EB-9F21-BB06C4C7D5DE}.Release|x86.Build.0 = Release|Any CPU
		{5706C52A-3929-4519-B5E2-BE6CA4617788}.Debug|Any CPU.ActiveCfg = Debug|Any CPU
		{5706C52A-3929-4519-B5E2-BE6CA4617788}.Debug|Any CPU.Build.0 = Debug|Any CPU
		{5706C52A-3929-4519-B5E2-BE6CA4617788}.Debug|x64.ActiveCfg = Debug|Any CPU
		{5706C52A-3929-4519-B5E2-BE6CA4617788}.Debug|x64.Build.0 = Debug|Any CPU
		{5706C52A-3929-4519-B5E2-BE6CA4617788}.Debug|x86.ActiveCfg = Debug|Any CPU
		{5706C52A-3929-4519-B5E2-BE6CA4617788}.Debug|x86.Build.0 = Debug|Any CPU
		{5706C52A-3929-4519-B5E2-BE6CA4617788}.Release|Any CPU.ActiveCfg = Release|Any CPU
		{5706C52A-3929-4519-B5E2-BE6CA4617788}.Release|Any CPU.Build.0 = Release|Any CPU
		{5706C52A-3929-4519-B5E2-BE6CA4617788}.Release|x64.ActiveCfg = Release|Any CPU
		{5706C52A-3929-4519-B5E2-BE6CA4617788}.Release|x64.Build.0 = Release|Any CPU
		{5706C52A-3929-4519-B5E2-BE6CA4617788}.Release|x86.ActiveCfg = Release|Any CPU
		{5706C52A-3929-4519-B5E2-BE6CA4617788}.Release|x86.Build.0 = Release|Any CPU
		{CA2EC761-BF80-47FF-9BCB-6B8EFAC15112}.Debug|Any CPU.ActiveCfg = Debug|Any CPU
		{CA2EC761-BF80-47FF-9BCB-6B8EFAC15112}.Debug|Any CPU.Build.0 = Debug|Any CPU
		{CA2EC761-BF80-47FF-9BCB-6B8EFAC15112}.Debug|x64.ActiveCfg = Debug|Any CPU
		{CA2EC761-BF80-47FF-9BCB-6B8EFAC15112}.Debug|x64.Build.0 = Debug|Any CPU
		{CA2EC761-BF80-47FF-9BCB-6B8EFAC15112}.Debug|x86.ActiveCfg = Debug|Any CPU
		{CA2EC761-BF80-47FF-9BCB-6B8EFAC15112}.Debug|x86.Build.0 = Debug|Any CPU
		{CA2EC761-BF80-47FF-9BCB-6B8EFAC15112}.Release|Any CPU.ActiveCfg = Release|Any CPU
		{CA2EC761-BF80-47FF-9BCB-6B8EFAC15112}.Release|Any CPU.Build.0 = Release|Any CPU
		{CA2EC761-BF80-47FF-9BCB-6B8EFAC15112}.Release|x64.ActiveCfg = Release|Any CPU
		{CA2EC761-BF80-47FF-9BCB-6B8EFAC15112}.Release|x64.Build.0 = Release|Any CPU
		{CA2EC761-BF80-47FF-9BCB-6B8EFAC15112}.Release|x86.ActiveCfg = Release|Any CPU
		{CA2EC761-BF80-47FF-9BCB-6B8EFAC15112}.Release|x86.Build.0 = Release|Any CPU
	EndGlobalSection
	GlobalSection(SolutionProperties) = preSolution
		HideSolutionNode = FALSE
	EndGlobalSection
	GlobalSection(NestedProjects) = preSolution
		{36503BF8-365C-411F-9293-F6449D7E54A3} = {D4B50D90-1542-49FB-83D4-A17DEC4E3795}
		{A11A8B3D-05DA-4675-86FA-00CC7C85D08E} = {D4B50D90-1542-49FB-83D4-A17DEC4E3795}
		{7F47EE19-B70A-4B70-94E3-0692292C9D56} = {D4B50D90-1542-49FB-83D4-A17DEC4E3795}
		{D775F283-94F2-410F-896E-1079BBBF3A76} = {1DB52DB0-B1F3-47C9-9BE5-8ECF3DD7E378}
		{12A8C4E3-1F84-4D2D-B40F-8A15087CC790} = {D4B50D90-1542-49FB-83D4-A17DEC4E3795}
		{7358CADA-A034-41C8-960A-037B1707F41A} = {D4B50D90-1542-49FB-83D4-A17DEC4E3795}
		{8BA2AFAA-17C2-4D7D-B59C-2C971B180500} = {1DB52DB0-B1F3-47C9-9BE5-8ECF3DD7E378}
		{042B80DB-9EE4-4490-AEB8-CAAD9D7C86C3} = {A0596E84-2522-6F31-0F43-77167BFA80D0}
		{EE1BA527-2440-4ADA-81F8-B527DEDBFA03} = {A0596E84-2522-6F31-0F43-77167BFA80D0}
		{FF392C46-664A-4BAB-8B5E-EF53D64CD059} = {D4B50D90-1542-49FB-83D4-A17DEC4E3795}
		{804BBBE5-5FCC-4178-B641-089E58562E31} = {1DB52DB0-B1F3-47C9-9BE5-8ECF3DD7E378}
		{693D6FED-AF1B-427E-A237-15CFE2AFA5D3} = {1DB52DB0-B1F3-47C9-9BE5-8ECF3DD7E378}
		{11FA838F-44F4-401B-84E3-68478A634ABC} = {1DB52DB0-B1F3-47C9-9BE5-8ECF3DD7E378}
		{3C27D121-6028-4D86-83A2-546A85EBDAFA} = {D4B50D90-1542-49FB-83D4-A17DEC4E3795}
		{D5C54F14-0938-45EB-9F21-BB06C4C7D5DE} = {D4B50D90-1542-49FB-83D4-A17DEC4E3795}
		{5706C52A-3929-4519-B5E2-BE6CA4617788} = {D4B50D90-1542-49FB-83D4-A17DEC4E3795}
		{CA2EC761-BF80-47FF-9BCB-6B8EFAC15112} = {1DB52DB0-B1F3-47C9-9BE5-8ECF3DD7E378}
	EndGlobalSection
	GlobalSection(ExtensibilityGlobals) = postSolution
		SolutionGuid = {4F1B4C1A-D095-4E59-A429-B92A56E97A43}
	EndGlobalSection
EndGlobal
