
Microsoft Visual Studio Solution File, Format Version 12.00
# Visual Studio Version 17
VisualStudioVersion = 17.2.32602.215
MinimumVisualStudioVersion = 10.0.40219.1
Project("{9A19103F-16F7-4668-BE54-9A1E7A4F7556}") = "Entegrasyon.Entity", "Application\Entegrasyon.Entity\Entegrasyon.Entity.csproj", "{36503BF8-365C-411F-9293-F6449D7E54A3}"
EndProject
Project("{9A19103F-16F7-4668-BE54-9A1E7A4F7556}") = "Entegrasyon.DataAccess", "Application\Entegrasyon.DataAccess\Entegrasyon.DataAccess.csproj", "{A11A8B3D-05DA-4675-86FA-00CC7C85D08E}"
EndProject
Project("{9A19103F-16F7-4668-BE54-9A1E7A4F7556}") = "Entegrasyon.Business", "Application\Entegrasyon.Business\Entegrasyon.Business.csproj", "{7F47EE19-B70A-4B70-94E3-0692292C9D56}"
EndProject
Project("{2150E333-8FDC-42A3-9474-1A3956D46DE8}") = "Application", "Application", "{D4B50D90-1542-49FB-83D4-A17DEC4E3795}"
EndProject
Project("{2150E333-8FDC-42A3-9474-1A3956D46DE8}") = "WorkerServices", "WorkerServices", "{55F7C307-72C2-4D71-87DE-87FE91C4D596}"
EndProject
Project("{E53339B2-1760-4266-BCC7-CA923CBCF16C}") = "docker-compose", "docker-compose.dcproj", "{F35C7412-8EDF-4BB5-9282-BE0DBA7B39F7}"
EndProject
Project("{9A19103F-16F7-4668-BE54-9A1E7A4F7556}") = "Entegrasyon.UnitTest", "Test\Entegrasyon.Test\Entegrasyon.UnitTest.csproj", "{D775F283-94F2-410F-896E-1079BBBF3A76}"
EndProject
Project("{2150E333-8FDC-42A3-9474-1A3956D46DE8}") = "Test", "Test", "{1DB52DB0-B1F3-47C9-9BE5-8ECF3DD7E378}"
EndProject
Project("{9A19103F-16F7-4668-BE54-9A1E7A4F7556}") = "Entegrasyon.Blazor", "Application\Entegrasyon.Blazor\Entegrasyon.Blazor.csproj", "{12A8C4E3-1F84-4D2D-B40F-8A15087CC790}"
EndProject
Project("{FAE04EC0-301F-11D3-BF4B-00C04F79EFBC}") = "Entegrasyon.ApplicationBootstrap", "Application\Entegrasyon.ApplicationBootstrap\Entegrasyon.ApplicationBootstrap.csproj", "{7358CADA-A034-41C8-960A-037B1707F41A}"
EndProject
Project("{FAE04EC0-301F-11D3-BF4B-00C04F79EFBC}") = "Entegrasyon.BunitTest", "Test\Entegrasyon.BunitTest\Entegrasyon.BunitTest.csproj", "{8BA2AFAA-17C2-4D7D-B59C-2C971B180500}"
EndProject
Global
	GlobalSection(SolutionConfigurationPlatforms) = preSolution
		Debug|Any CPU = Debug|Any CPU
		Debug|x64 = Debug|x64
		Debug|x86 = Debug|x86
		Release|Any CPU = Release|Any CPU
		Release|x64 = Release|x64
		Release|x86 = Release|x86
	EndGlobalSection
	GlobalSection(ProjectConfigurationPlatforms) = postSolution
		{36503BF8-365C-411F-9293-F6449D7E54A3}.Debug|Any CPU.ActiveCfg = Debug|Any CPU
		{36503BF8-365C-411F-9293-F6449D7E54A3}.Debug|Any CPU.Build.0 = Debug|Any CPU
		{36503BF8-365C-411F-9293-F6449D7E54A3}.Debug|x64.ActiveCfg = Debug|Any CPU
		{36503BF8-365C-411F-9293-F6449D7E54A3}.Debug|x64.Build.0 = Debug|Any CPU
		{36503BF8-365C-411F-9293-F6449D7E54A3}.Debug|x86.ActiveCfg = Debug|Any CPU
		{36503BF8-365C-411F-9293-F6449D7E54A3}.Debug|x86.Build.0 = Debug|Any CPU
		{36503BF8-365C-411F-9293-F6449D7E54A3}.Release|Any CPU.ActiveCfg = Release|Any CPU
		{36503BF8-365C-411F-9293-F6449D7E54A3}.Release|Any CPU.Build.0 = Release|Any CPU
		{36503BF8-365C-411F-9293-F6449D7E54A3}.Release|x64.ActiveCfg = Release|Any CPU
		{36503BF8-365C-411F-9293-F6449D7E54A3}.Release|x64.Build.0 = Release|Any CPU
		{36503BF8-365C-411F-9293-F6449D7E54A3}.Release|x86.ActiveCfg = Release|Any CPU
		{36503BF8-365C-411F-9293-F6449D7E54A3}.Release|x86.Build.0 = Release|Any CPU
		{A11A8B3D-05DA-4675-86FA-00CC7C85D08E}.Debug|Any CPU.ActiveCfg = Debug|Any CPU
		{A11A8B3D-05DA-4675-86FA-00CC7C85D08E}.Debug|Any CPU.Build.0 = Debug|Any CPU
		{A11A8B3D-05DA-4675-86FA-00CC7C85D08E}.Debug|x64.ActiveCfg = Debug|Any CPU
		{A11A8B3D-05DA-4675-86FA-00CC7C85D08E}.Debug|x64.Build.0 = Debug|Any CPU
		{A11A8B3D-05DA-4675-86FA-00CC7C85D08E}.Debug|x86.ActiveCfg = Debug|Any CPU
		{A11A8B3D-05DA-4675-86FA-00CC7C85D08E}.Debug|x86.Build.0 = Debug|Any CPU
		{A11A8B3D-05DA-4675-86FA-00CC7C85D08E}.Release|Any CPU.ActiveCfg = Release|Any CPU
		{A11A8B3D-05DA-4675-86FA-00CC7C85D08E}.Release|Any CPU.Build.0 = Release|Any CPU
		{A11A8B3D-05DA-4675-86FA-00CC7C85D08E}.Release|x64.ActiveCfg = Release|Any CPU
		{A11A8B3D-05DA-4675-86FA-00CC7C85D08E}.Release|x64.Build.0 = Release|Any CPU
		{A11A8B3D-05DA-4675-86FA-00CC7C85D08E}.Release|x86.ActiveCfg = Release|Any CPU
		{A11A8B3D-05DA-4675-86FA-00CC7C85D08E}.Release|x86.Build.0 = Release|Any CPU
		{7F47EE19-B70A-4B70-94E3-0692292C9D56}.Debug|Any CPU.ActiveCfg = Debug|Any CPU
		{7F47EE19-B70A-4B70-94E3-0692292C9D56}.Debug|Any CPU.Build.0 = Debug|Any CPU
		{7F47EE19-B70A-4B70-94E3-0692292C9D56}.Debug|x64.ActiveCfg = Debug|Any CPU
		{7F47EE19-B70A-4B70-94E3-0692292C9D56}.Debug|x64.Build.0 = Debug|Any CPU
		{7F47EE19-B70A-4B70-94E3-0692292C9D56}.Debug|x86.ActiveCfg = Debug|Any CPU
		{7F47EE19-B70A-4B70-94E3-0692292C9D56}.Debug|x86.Build.0 = Debug|Any CPU
		{7F47EE19-B70A-4B70-94E3-0692292C9D56}.Release|Any CPU.ActiveCfg = Release|Any CPU
		{7F47EE19-B70A-4B70-94E3-0692292C9D56}.Release|Any CPU.Build.0 = Release|Any CPU
		{7F47EE19-B70A-4B70-94E3-0692292C9D56}.Release|x64.ActiveCfg = Release|Any CPU
		{7F47EE19-B70A-4B70-94E3-0692292C9D56}.Release|x64.Build.0 = Release|Any CPU
		{7F47EE19-B70A-4B70-94E3-0692292C9D56}.Release|x86.ActiveCfg = Release|Any CPU
		{7F47EE19-B70A-4B70-94E3-0692292C9D56}.Release|x86.Build.0 = Release|Any CPU
		{F35C7412-8EDF-4BB5-9282-BE0DBA7B39F7}.Debug|Any CPU.ActiveCfg = Debug|Any CPU
		{F35C7412-8EDF-4BB5-9282-BE0DBA7B39F7}.Debug|Any CPU.Build.0 = Debug|Any CPU
		{F35C7412-8EDF-4BB5-9282-BE0DBA7B39F7}.Debug|x64.ActiveCfg = Debug|x64
		{F35C7412-8EDF-4BB5-9282-BE0DBA7B39F7}.Debug|x86.ActiveCfg = Debug|x86
		{F35C7412-8EDF-4BB5-9282-BE0DBA7B39F7}.Release|Any CPU.ActiveCfg = Release|Any CPU
		{F35C7412-8EDF-4BB5-9282-BE0DBA7B39F7}.Release|Any CPU.Build.0 = Release|Any CPU
		{F35C7412-8EDF-4BB5-9282-BE0DBA7B39F7}.Release|x64.ActiveCfg = Release|x64
		{F35C7412-8EDF-4BB5-9282-BE0DBA7B39F7}.Release|x86.ActiveCfg = Release|x86
		{D775F283-94F2-410F-896E-1079BBBF3A76}.Debug|Any CPU.ActiveCfg = Debug|Any CPU
		{D775F283-94F2-410F-896E-1079BBBF3A76}.Debug|Any CPU.Build.0 = Debug|Any CPU
		{D775F283-94F2-410F-896E-1079BBBF3A76}.Debug|x64.ActiveCfg = Debug|Any CPU
		{D775F283-94F2-410F-896E-1079BBBF3A76}.Debug|x64.Build.0 = Debug|Any CPU
		{D775F283-94F2-410F-896E-1079BBBF3A76}.Debug|x86.ActiveCfg = Debug|Any CPU
		{D775F283-94F2-410F-896E-1079BBBF3A76}.Debug|x86.Build.0 = Debug|Any CPU
		{D775F283-94F2-410F-896E-1079BBBF3A76}.Release|Any CPU.ActiveCfg = Release|Any CPU
		{D775F283-94F2-410F-896E-1079BBBF3A76}.Release|Any CPU.Build.0 = Release|Any CPU
		{D775F283-94F2-410F-896E-1079BBBF3A76}.Release|x64.ActiveCfg = Release|Any CPU
		{D775F283-94F2-410F-896E-1079BBBF3A76}.Release|x64.Build.0 = Release|Any CPU
		{D775F283-94F2-410F-896E-1079BBBF3A76}.Release|x86.ActiveCfg = Release|Any CPU
		{D775F283-94F2-410F-896E-1079BBBF3A76}.Release|x86.Build.0 = Release|Any CPU
		{12A8C4E3-1F84-4D2D-B40F-8A15087CC790}.Debug|Any CPU.ActiveCfg = Debug|Any CPU
		{12A8C4E3-1F84-4D2D-B40F-8A15087CC790}.Debug|Any CPU.Build.0 = Debug|Any CPU
		{12A8C4E3-1F84-4D2D-B40F-8A15087CC790}.Debug|x64.ActiveCfg = Debug|Any CPU
		{12A8C4E3-1F84-4D2D-B40F-8A15087CC790}.Debug|x64.Build.0 = Debug|Any CPU
		{12A8C4E3-1F84-4D2D-B40F-8A15087CC790}.Debug|x86.ActiveCfg = Debug|Any CPU
		{12A8C4E3-1F84-4D2D-B40F-8A15087CC790}.Debug|x86.Build.0 = Debug|Any CPU
		{12A8C4E3-1F84-4D2D-B40F-8A15087CC790}.Release|Any CPU.ActiveCfg = Release|Any CPU
		{12A8C4E3-1F84-4D2D-B40F-8A15087CC790}.Release|Any CPU.Build.0 = Release|Any CPU
		{12A8C4E3-1F84-4D2D-B40F-8A15087CC790}.Release|x64.ActiveCfg = Release|Any CPU
		{12A8C4E3-1F84-4D2D-B40F-8A15087CC790}.Release|x64.Build.0 = Release|Any CPU
		{12A8C4E3-1F84-4D2D-B40F-8A15087CC790}.Release|x86.ActiveCfg = Release|Any CPU
		{12A8C4E3-1F84-4D2D-B40F-8A15087CC790}.Release|x86.Build.0 = Release|Any CPU
		{7358CADA-A034-41C8-960A-037B1707F41A}.Debug|Any CPU.ActiveCfg = Debug|Any CPU
		{7358CADA-A034-41C8-960A-037B1707F41A}.Debug|Any CPU.Build.0 = Debug|Any CPU
		{7358CADA-A034-41C8-960A-037B1707F41A}.Debug|x64.ActiveCfg = Debug|Any CPU
		{7358CADA-A034-41C8-960A-037B1707F41A}.Debug|x64.Build.0 = Debug|Any CPU
		{7358CADA-A034-41C8-960A-037B1707F41A}.Debug|x86.ActiveCfg = Debug|Any CPU
		{7358CADA-A034-41C8-960A-037B1707F41A}.Debug|x86.Build.0 = Debug|Any CPU
		{7358CADA-A034-41C8-960A-037B1707F41A}.Release|Any CPU.ActiveCfg = Release|Any CPU
		{7358CADA-A034-41C8-960A-037B1707F41A}.Release|Any CPU.Build.0 = Release|Any CPU
		{7358CADA-A034-41C8-960A-037B1707F41A}.Release|x64.ActiveCfg = Release|Any CPU
		{7358CADA-A034-41C8-960A-037B1707F41A}.Release|x64.Build.0 = Release|Any CPU
		{7358CADA-A034-41C8-960A-037B1707F41A}.Release|x86.ActiveCfg = Release|Any CPU
		{7358CADA-A034-41C8-960A-037B1707F41A}.Release|x86.Build.0 = Release|Any CPU
		{8BA2AFAA-17C2-4D7D-B59C-2C971B180500}.Debug|Any CPU.ActiveCfg = Debug|Any CPU
		{8BA2AFAA-17C2-4D7D-B59C-2C971B180500}.Debug|Any CPU.Build.0 = Debug|Any CPU
		{8BA2AFAA-17C2-4D7D-B59C-2C971B180500}.Debug|x64.ActiveCfg = Debug|Any CPU
		{8BA2AFAA-17C2-4D7D-B59C-2C971B180500}.Debug|x64.Build.0 = Debug|Any CPU
		{8BA2AFAA-17C2-4D7D-B59C-2C971B180500}.Debug|x86.ActiveCfg = Debug|Any CPU
		{8BA2AFAA-17C2-4D7D-B59C-2C971B180500}.Debug|x86.Build.0 = Debug|Any CPU
		{8BA2AFAA-17C2-4D7D-B59C-2C971B180500}.Release|Any CPU.ActiveCfg = Release|Any CPU
		{8BA2AFAA-17C2-4D7D-B59C-2C971B180500}.Release|Any CPU.Build.0 = Release|Any CPU
		{8BA2AFAA-17C2-4D7D-B59C-2C971B180500}.Release|x64.ActiveCfg = Release|Any CPU
		{8BA2AFAA-17C2-4D7D-B59C-2C971B180500}.Release|x64.Build.0 = Release|Any CPU
		{8BA2AFAA-17C2-4D7D-B59C-2C971B180500}.Release|x86.ActiveCfg = Release|Any CPU
		{8BA2AFAA-17C2-4D7D-B59C-2C971B180500}.Release|x86.Build.0 = Release|Any CPU
	EndGlobalSection
	GlobalSection(SolutionProperties) = preSolution
		HideSolutionNode = FALSE
	EndGlobalSection
	GlobalSection(NestedProjects) = preSolution
		{36503BF8-365C-411F-9293-F6449D7E54A3} = {D4B50D90-1542-49FB-83D4-A17DEC4E3795}
		{A11A8B3D-05DA-4675-86FA-00CC7C85D08E} = {D4B50D90-1542-49FB-83D4-A17DEC4E3795}
		{7F47EE19-B70A-4B70-94E3-0692292C9D56} = {D4B50D90-1542-49FB-83D4-A17DEC4E3795}
		{D775F283-94F2-410F-896E-1079BBBF3A76} = {1DB52DB0-B1F3-47C9-9BE5-8ECF3DD7E378}
		{12A8C4E3-1F84-4D2D-B40F-8A15087CC790} = {D4B50D90-1542-49FB-83D4-A17DEC4E3795}
		{7358CADA-A034-41C8-960A-037B1707F41A} = {D4B50D90-1542-49FB-83D4-A17DEC4E3795}
		{8BA2AFAA-17C2-4D7D-B59C-2C971B180500} = {1DB52DB0-B1F3-47C9-9BE5-8ECF3DD7E378}
	EndGlobalSection
	GlobalSection(ExtensibilityGlobals) = postSolution
		SolutionGuid = {4F1B4C1A-D095-4E59-A429-B92A56E97A43}
	EndGlobalSection
EndGlobal
